{
    "name": "student-crud-backend",
    "version": "1.0.0",
    "lockfileVersion": 3,
    "requires": true,
    "packages": {
      "": {
        "name": "student-crud-backend",
        "version": "1.0.0",
        "dependencies": {
          "body-parser": "^1.20.2",
          "cors": "^2.8.5",
          "express": "^4.18.2",
          "mongoose": "^8.0.3"
        },
        "devDependencies": {
          "nodemon": "^3.0.2"
        }
      },
      "node_modules/body-parser": {
        "version": "1.20.2",
        "resolved": "https://registry.npmjs.org/body-parser/-/body-parser-1.20.2.tgz",
        "integrity": "sha512-ml9pReCu3M61kGlqoTm2umSXTlRTuGTa0LRUkhZWIe4R+2NZ6gREbktkYbJ0yJhYJ7E8yJqA/5GFbQ67ZgA7Q==",
        "dependencies": {
          "bytes": "3.1.2",
          "content-type": "^1.0.5",
          "debug": "2.6.9",
          "depd": "2.0.0",
          "destroy": "1.2.0",
          "http-errors": "2.0.0",
          "iconv-lite": "0.4.24",
          "on-finished": "2.4.1",
          "qs": "6.11.0",
          "raw-body": "2.5.2",
          "type-is": "^1.6.18",
          "unpipe": "1.0.0"
        }
    }
}
}



      
  